
Microsoft Visual Studio Solution File, Format Version 12.00
# Visual Studio Version 17
VisualStudioVersion = 17.1.32414.318
MinimumVisualStudioVersion = 10.0.40219.1
Project("{9A19103F-16F7-4668-BE54-9A1E7A4F7556}") = "Hp2BaseMod", "Hp2BaseMod\Hp2BaseMod.csproj", "{E5B85167-85AA-4AB4-A63B-FDD5A0FC9607}"
EndProject
Project("{9A19103F-16F7-4668-BE54-9A1E7A4F7556}") = "Hp2SampleMod", "Hp2SampleMod\Hp2SampleMod.csproj", "{B75D05B8-E399-4A25-B1A3-5A3993305713}"
EndProject
Project("{9A19103F-16F7-4668-BE54-9A1E7A4F7556}") = "Hp2CheatMod", "Hp2CheatMod\Hp2CheatMod.csproj", "{0DB3BC2E-188E-4E9A-B7DF-A453208AC8AA}"
EndProject
Project("{9A19103F-16F7-4668-BE54-9A1E7A4F7556}") = "Hp2RepeatThreesomeMod", "Hp2RepeatThreesomeMod\Hp2RepeatThreesomeMod.csproj", "{47BCCF55-0AA9-4483-A044-5A56310EA2D6}"
EndProject
Project("{9A19103F-16F7-4668-BE54-9A1E7A4F7556}") = "Hp2DataModLoader", "Hp2DataModLoader\Hp2DataModLoader.csproj", "{D2C20E84-448A-47DF-8ACD-AB8AFF7CE09F}"
EndProject
Project("{9A19103F-16F7-4668-BE54-9A1E7A4F7556}") = "Hp2SingleDateMod", "Hp2SingleDateMod\Hp2SingleDateMod.csproj", "{40EA195A-60A6-4A6B-A7D9-6347334F11B8}"
EndProject
Project("{9A19103F-16F7-4668-BE54-9A1E7A4F7556}") = "Hp2BaseModTweaks", "Hp2BaseModTweaks\Hp2BaseModTweaks.csproj", "{EFEDC8D8-A926-4935-AF19-B2390BF1B139}"
EndProject
Project("{2150E333-8FDC-42A3-9474-1A3956D46DE8}") = "Mods", "Mods", "{A9B075E7-4968-48D1-9EFA-BC1D68A36FD3}"
	ProjectSection(SolutionItems) = preProject
		Claimed Ids.txt = Claimed Ids.txt
	EndProjectSection
EndProject
Project("{9A19103F-16F7-4668-BE54-9A1E7A4F7556}") = "Hp2ExtraOptionsMod", "Hp2ExtraOptionsMod\Hp2ExtraOptionsMod.csproj", "{F4D58F03-D1C2-403D-97AE-956ADB9261FE}"
EndProject
Project("{FAE04EC0-301F-11D3-BF4B-00C04F79EFBC}") = "Hp2LTT", "Hp2LTT\Hp2LTT.csproj", "{D0B418A4-8C05-4CD4-B1A5-BAE8EC0D0827}"
EndProject
Global
	GlobalSection(SolutionConfigurationPlatforms) = preSolution
		Debug|Any CPU = Debug|Any CPU
		Release|Any CPU = Release|Any CPU
	EndGlobalSection
	GlobalSection(ProjectConfigurationPlatforms) = postSolution
		{E5B85167-85AA-4AB4-A63B-FDD5A0FC9607}.Debug|Any CPU.ActiveCfg = Debug|Any CPU
		{E5B85167-85AA-4AB4-A63B-FDD5A0FC9607}.Debug|Any CPU.Build.0 = Debug|Any CPU
		{E5B85167-85AA-4AB4-A63B-FDD5A0FC9607}.Release|Any CPU.ActiveCfg = Release|Any CPU
		{E5B85167-85AA-4AB4-A63B-FDD5A0FC9607}.Release|Any CPU.Build.0 = Release|Any CPU
		{B75D05B8-E399-4A25-B1A3-5A3993305713}.Debug|Any CPU.ActiveCfg = Debug|Any CPU
		{B75D05B8-E399-4A25-B1A3-5A3993305713}.Debug|Any CPU.Build.0 = Debug|Any CPU
		{B75D05B8-E399-4A25-B1A3-5A3993305713}.Release|Any CPU.ActiveCfg = Release|Any CPU
		{B75D05B8-E399-4A25-B1A3-5A3993305713}.Release|Any CPU.Build.0 = Release|Any CPU
		{0DB3BC2E-188E-4E9A-B7DF-A453208AC8AA}.Debug|Any CPU.ActiveCfg = Debug|Any CPU
		{0DB3BC2E-188E-4E9A-B7DF-A453208AC8AA}.Debug|Any CPU.Build.0 = Debug|Any CPU
		{0DB3BC2E-188E-4E9A-B7DF-A453208AC8AA}.Release|Any CPU.ActiveCfg = Release|Any CPU
		{0DB3BC2E-188E-4E9A-B7DF-A453208AC8AA}.Release|Any CPU.Build.0 = Release|Any CPU
		{47BCCF55-0AA9-4483-A044-5A56310EA2D6}.Debug|Any CPU.ActiveCfg = Debug|Any CPU
		{47BCCF55-0AA9-4483-A044-5A56310EA2D6}.Debug|Any CPU.Build.0 = Debug|Any CPU
		{47BCCF55-0AA9-4483-A044-5A56310EA2D6}.Release|Any CPU.ActiveCfg = Release|Any CPU
		{47BCCF55-0AA9-4483-A044-5A56310EA2D6}.Release|Any CPU.Build.0 = Release|Any CPU
		{D2C20E84-448A-47DF-8ACD-AB8AFF7CE09F}.Debug|Any CPU.ActiveCfg = Debug|Any CPU
		{D2C20E84-448A-47DF-8ACD-AB8AFF7CE09F}.Debug|Any CPU.Build.0 = Debug|Any CPU
		{D2C20E84-448A-47DF-8ACD-AB8AFF7CE09F}.Release|Any CPU.ActiveCfg = Release|Any CPU
		{D2C20E84-448A-47DF-8ACD-AB8AFF7CE09F}.Release|Any CPU.Build.0 = Release|Any CPU
		{40EA195A-60A6-4A6B-A7D9-6347334F11B8}.Debug|Any CPU.ActiveCfg = Debug|Any CPU
		{40EA195A-60A6-4A6B-A7D9-6347334F11B8}.Debug|Any CPU.Build.0 = Debug|Any CPU
		{40EA195A-60A6-4A6B-A7D9-6347334F11B8}.Release|Any CPU.ActiveCfg = Release|Any CPU
		{40EA195A-60A6-4A6B-A7D9-6347334F11B8}.Release|Any CPU.Build.0 = Release|Any CPU
		{EFEDC8D8-A926-4935-AF19-B2390BF1B139}.Debug|Any CPU.ActiveCfg = Debug|Any CPU
		{EFEDC8D8-A926-4935-AF19-B2390BF1B139}.Debug|Any CPU.Build.0 = Debug|Any CPU
		{EFEDC8D8-A926-4935-AF19-B2390BF1B139}.Release|Any CPU.ActiveCfg = Release|Any CPU
		{EFEDC8D8-A926-4935-AF19-B2390BF1B139}.Release|Any CPU.Build.0 = Release|Any CPU
		{F4D58F03-D1C2-403D-97AE-956ADB9261FE}.Debug|Any CPU.ActiveCfg = Debug|Any CPU
		{F4D58F03-D1C2-403D-97AE-956ADB9261FE}.Debug|Any CPU.Build.0 = Debug|Any CPU
		{F4D58F03-D1C2-403D-97AE-956ADB9261FE}.Release|Any CPU.ActiveCfg = Release|Any CPU
		{F4D58F03-D1C2-403D-97AE-956ADB9261FE}.Release|Any CPU.Build.0 = Release|Any CPU
		{D0B418A4-8C05-4CD4-B1A5-BAE8EC0D0827}.Debug|Any CPU.ActiveCfg = Debug|Any CPU
		{D0B418A4-8C05-4CD4-B1A5-BAE8EC0D0827}.Debug|Any CPU.Build.0 = Debug|Any CPU
		{D0B418A4-8C05-4CD4-B1A5-BAE8EC0D0827}.Release|Any CPU.ActiveCfg = Release|Any CPU
		{D0B418A4-8C05-4CD4-B1A5-BAE8EC0D0827}.Release|Any CPU.Build.0 = Release|Any CPU
	EndGlobalSection
	GlobalSection(SolutionProperties) = preSolution
		HideSolutionNode = FALSE
	EndGlobalSection
	GlobalSection(NestedProjects) = preSolution
		{E5B85167-85AA-4AB4-A63B-FDD5A0FC9607} = {A9B075E7-4968-48D1-9EFA-BC1D68A36FD3}
		{B75D05B8-E399-4A25-B1A3-5A3993305713} = {A9B075E7-4968-48D1-9EFA-BC1D68A36FD3}
		{0DB3BC2E-188E-4E9A-B7DF-A453208AC8AA} = {A9B075E7-4968-48D1-9EFA-BC1D68A36FD3}
		{47BCCF55-0AA9-4483-A044-5A56310EA2D6} = {A9B075E7-4968-48D1-9EFA-BC1D68A36FD3}
		{D2C20E84-448A-47DF-8ACD-AB8AFF7CE09F} = {A9B075E7-4968-48D1-9EFA-BC1D68A36FD3}
		{40EA195A-60A6-4A6B-A7D9-6347334F11B8} = {A9B075E7-4968-48D1-9EFA-BC1D68A36FD3}
		{EFEDC8D8-A926-4935-AF19-B2390BF1B139} = {A9B075E7-4968-48D1-9EFA-BC1D68A36FD3}
		{F4D58F03-D1C2-403D-97AE-956ADB9261FE} = {A9B075E7-4968-48D1-9EFA-BC1D68A36FD3}
		{D0B418A4-8C05-4CD4-B1A5-BAE8EC0D0827} = {A9B075E7-4968-48D1-9EFA-BC1D68A36FD3}
	EndGlobalSection
	GlobalSection(ExtensibilityGlobals) = postSolution
		SolutionGuid = {F81D337B-EA2A-4737-AB6C-1756E97B151C}
	EndGlobalSection
EndGlobal
